
Microsoft Visual Studio Solution File, Format Version 12.00
# Visual Studio Express 2012 for Web
Project("{FAE04EC0-301F-11D3-BF4B-00C04F79EFBC}") = "EmptyWebApp", "EmptyWebApp\EmptyWebApp.csproj", "{C926F3EA-7330-4C51-A866-237B5E3617F7}"
EndProject
Global
	GlobalSection(SolutionConfigurationPlatforms) = preSolution
		Debug|Any CPU = Debug|Any CPU
		Release|Any CPU = Release|Any CPU
	EndGlobalSection
	GlobalSection(ProjectConfigurationPlatforms) = postSolution
		{C926F3EA-7330-4C51-A866-237B5E3617F7}.Debug|Any CPU.ActiveCfg = Debug|Any CPU
		{C926F3EA-7330-4C51-A866-237B5E3617F7}.Debug|Any CPU.Build.0 = Debug|Any CPU
		{C926F3EA-7330-4C51-A866-237B5E3617F7}.Release|Any CPU.ActiveCfg = Release|Any CPU
		{C926F3EA-7330-4C51-A866-237B5E3617F7}.Release|Any CPU.Build.0 = Release|Any CPU
	EndGlobalSection
	GlobalSection(SolutionProperties) = preSolution
		HideSolutionNode = FALSE
	EndGlobalSection
EndGlobal
