
Microsoft Visual Studio Solution File, Format Version 12.00
# Visual Studio Express 2012 for Web
Project("{FAE04EC0-301F-11D3-BF4B-00C04F79EFBC}") = "SatelliteAssembliesFromScratch", "SatelliteAssembliesFromScratch\SatelliteAssembliesFromScratch.csproj", "{9EF014A3-F4F0-4E26-8CA7-6474EFCB52F3}"
EndProject
Project("{FAE04EC0-301F-11D3-BF4B-00C04F79EFBC}") = "WebApplication1", "WebApplication1\WebApplication1.csproj", "{DE2E8AA1-5A8E-4B88-A34D-881F29846EC3}"
EndProject
Global
	GlobalSection(SolutionConfigurationPlatforms) = preSolution
		Debug|Any CPU = Debug|Any CPU
		Release|Any CPU = Release|Any CPU
	EndGlobalSection
	GlobalSection(ProjectConfigurationPlatforms) = postSolution
		{9EF014A3-F4F0-4E26-8CA7-6474EFCB52F3}.Debug|Any CPU.ActiveCfg = Debug|Any CPU
		{9EF014A3-F4F0-4E26-8CA7-6474EFCB52F3}.Debug|Any CPU.Build.0 = Debug|Any CPU
		{9EF014A3-F4F0-4E26-8CA7-6474EFCB52F3}.Release|Any CPU.ActiveCfg = Release|Any CPU
		{9EF014A3-F4F0-4E26-8CA7-6474EFCB52F3}.Release|Any CPU.Build.0 = Release|Any CPU
		{DE2E8AA1-5A8E-4B88-A34D-881F29846EC3}.Debug|Any CPU.ActiveCfg = Debug|Any CPU
		{DE2E8AA1-5A8E-4B88-A34D-881F29846EC3}.Debug|Any CPU.Build.0 = Debug|Any CPU
		{DE2E8AA1-5A8E-4B88-A34D-881F29846EC3}.Release|Any CPU.ActiveCfg = Release|Any CPU
		{DE2E8AA1-5A8E-4B88-A34D-881F29846EC3}.Release|Any CPU.Build.0 = Release|Any CPU
	EndGlobalSection
	GlobalSection(SolutionProperties) = preSolution
		HideSolutionNode = FALSE
	EndGlobalSection
EndGlobal
