
Microsoft Visual Studio Solution File, Format Version 12.00
# Visual Studio Express 2012 for Web
Project("{FAE04EC0-301F-11D3-BF4B-00C04F79EFBC}") = "MyServiceHost", "MyServiceHost\MyServiceHost.csproj", "{5BAFB18F-7C58-4D1C-A79D-3048AD0A5CA3}"
EndProject
Project("{FAE04EC0-301F-11D3-BF4B-00C04F79EFBC}") = "MyServiceConsumer", "MyServiceConsumer\MyServiceConsumer.csproj", "{2CEA4BC6-DC93-4E83-B722-AE653B8CAA44}"
	ProjectSection(ProjectDependencies) = postProject
		{5BAFB18F-7C58-4D1C-A79D-3048AD0A5CA3} = {5BAFB18F-7C58-4D1C-A79D-3048AD0A5CA3}
	EndProjectSection
EndProject
Global
	GlobalSection(SolutionConfigurationPlatforms) = preSolution
		Debug|Any CPU = Debug|Any CPU
		Release|Any CPU = Release|Any CPU
	EndGlobalSection
	GlobalSection(ProjectConfigurationPlatforms) = postSolution
		{5BAFB18F-7C58-4D1C-A79D-3048AD0A5CA3}.Debug|Any CPU.ActiveCfg = Debug|Any CPU
		{5BAFB18F-7C58-4D1C-A79D-3048AD0A5CA3}.Debug|Any CPU.Build.0 = Debug|Any CPU
		{5BAFB18F-7C58-4D1C-A79D-3048AD0A5CA3}.Release|Any CPU.ActiveCfg = Release|Any CPU
		{5BAFB18F-7C58-4D1C-A79D-3048AD0A5CA3}.Release|Any CPU.Build.0 = Release|Any CPU
		{2CEA4BC6-DC93-4E83-B722-AE653B8CAA44}.Debug|Any CPU.ActiveCfg = Debug|Any CPU
		{2CEA4BC6-DC93-4E83-B722-AE653B8CAA44}.Debug|Any CPU.Build.0 = Debug|Any CPU
		{2CEA4BC6-DC93-4E83-B722-AE653B8CAA44}.Release|Any CPU.ActiveCfg = Release|Any CPU
		{2CEA4BC6-DC93-4E83-B722-AE653B8CAA44}.Release|Any CPU.Build.0 = Release|Any CPU
	EndGlobalSection
	GlobalSection(SolutionProperties) = preSolution
		HideSolutionNode = FALSE
	EndGlobalSection
EndGlobal
