
Microsoft Visual Studio Solution File, Format Version 12.00
# Visual Studio Express 2012 for Web
Project("{FAE04EC0-301F-11D3-BF4B-00C04F79EFBC}") = "WebSecurity", "WebSecurity\WebSecurity.csproj", "{467604F6-A689-42B2-9BE0-F0AAC3E442BE}"
EndProject
Project("{2150E333-8FDC-42A3-9474-1A3956D46DE8}") = "Chapter01", "Chapter01", "{1EC2C08F-F1ED-46F4-BC7E-B2AD4A8FFB08}"
EndProject
Project("{2150E333-8FDC-42A3-9474-1A3956D46DE8}") = "Chapter02", "Chapter02", "{8CFCE82B-42F9-4A4D-9DF7-40FB6CE88AF3}"
EndProject
Project("{FAE04EC0-301F-11D3-BF4B-00C04F79EFBC}") = "GetAndPostRequests", "GetAndPostRequests\GetAndPostRequests.csproj", "{ED85431F-07F6-4365-A99F-E1CFDCDFD555}"
EndProject
Project("{2150E333-8FDC-42A3-9474-1A3956D46DE8}") = "Chapter03", "Chapter03", "{4009091A-67DF-400D-9F49-77301CB14D14}"
EndProject
Project("{FAE04EC0-301F-11D3-BF4B-00C04F79EFBC}") = "ValidatingInput", "ValidatingInput\ValidatingInput.csproj", "{46A73FD2-DB27-463F-9468-5D9200ECDBD4}"
EndProject
Project("{FAE04EC0-301F-11D3-BF4B-00C04F79EFBC}") = "ValidatingInputFields", "ValidatingInputFields\ValidatingInputFields.csproj", "{09513154-3759-4DBA-9614-998D7D915F89}"
EndProject
Project("{2150E333-8FDC-42A3-9474-1A3956D46DE8}") = "Chapter04", "Chapter04", "{FD9C9F93-F6D2-41BC-94CD-2C9D58C4714C}"
EndProject
Project("{FAE04EC0-301F-11D3-BF4B-00C04F79EFBC}") = "QueryAndFormParameters", "QueryAndFormParameters\QueryAndFormParameters.csproj", "{82874B1B-A565-498A-921E-4FFBE29465A3}"
EndProject
Project("{FAE04EC0-301F-11D3-BF4B-00C04F79EFBC}") = "CrossSiteRequestForgery", "CrossSiteRequestForgery\CrossSiteRequestForgery.csproj", "{BFF93692-2C5E-4EA6-A004-B1501507177A}"
EndProject
Project("{FAE04EC0-301F-11D3-BF4B-00C04F79EFBC}") = "CrossSiteRequestForgeryAttacker", "CrossSiteRequestForgeryAttacker\CrossSiteRequestForgeryAttacker.csproj", "{41DD475D-7285-43A6-AC47-EF671E02B35F}"
EndProject
Project("{FAE04EC0-301F-11D3-BF4B-00C04F79EFBC}") = "EventValidation", "EventValidation\EventValidation.csproj", "{0B77BA0C-3F88-4D2D-9487-4A5B1198E6A3}"
EndProject
Project("{2150E333-8FDC-42A3-9474-1A3956D46DE8}") = "Chapter05", "Chapter05", "{908EC31C-8148-4959-9074-049BA873D568}"
EndProject
Project("{FAE04EC0-301F-11D3-BF4B-00C04F79EFBC}") = "ControllingInformation", "ControllingInformation\ControllingInformation.csproj", "{21A211FC-A37B-4CB4-801D-8931C8B7D135}"
EndProject
Global
	GlobalSection(SolutionConfigurationPlatforms) = preSolution
		Debug|Any CPU = Debug|Any CPU
		Release|Any CPU = Release|Any CPU
	EndGlobalSection
	GlobalSection(ProjectConfigurationPlatforms) = postSolution
		{467604F6-A689-42B2-9BE0-F0AAC3E442BE}.Debug|Any CPU.ActiveCfg = Debug|Any CPU
		{467604F6-A689-42B2-9BE0-F0AAC3E442BE}.Debug|Any CPU.Build.0 = Debug|Any CPU
		{467604F6-A689-42B2-9BE0-F0AAC3E442BE}.Release|Any CPU.ActiveCfg = Release|Any CPU
		{467604F6-A689-42B2-9BE0-F0AAC3E442BE}.Release|Any CPU.Build.0 = Release|Any CPU
		{ED85431F-07F6-4365-A99F-E1CFDCDFD555}.Debug|Any CPU.ActiveCfg = Debug|Any CPU
		{ED85431F-07F6-4365-A99F-E1CFDCDFD555}.Debug|Any CPU.Build.0 = Debug|Any CPU
		{ED85431F-07F6-4365-A99F-E1CFDCDFD555}.Release|Any CPU.ActiveCfg = Release|Any CPU
		{ED85431F-07F6-4365-A99F-E1CFDCDFD555}.Release|Any CPU.Build.0 = Release|Any CPU
		{46A73FD2-DB27-463F-9468-5D9200ECDBD4}.Debug|Any CPU.ActiveCfg = Debug|Any CPU
		{46A73FD2-DB27-463F-9468-5D9200ECDBD4}.Debug|Any CPU.Build.0 = Debug|Any CPU
		{46A73FD2-DB27-463F-9468-5D9200ECDBD4}.Release|Any CPU.ActiveCfg = Release|Any CPU
		{46A73FD2-DB27-463F-9468-5D9200ECDBD4}.Release|Any CPU.Build.0 = Release|Any CPU
		{09513154-3759-4DBA-9614-998D7D915F89}.Debug|Any CPU.ActiveCfg = Debug|Any CPU
		{09513154-3759-4DBA-9614-998D7D915F89}.Debug|Any CPU.Build.0 = Debug|Any CPU
		{09513154-3759-4DBA-9614-998D7D915F89}.Release|Any CPU.ActiveCfg = Release|Any CPU
		{09513154-3759-4DBA-9614-998D7D915F89}.Release|Any CPU.Build.0 = Release|Any CPU
		{82874B1B-A565-498A-921E-4FFBE29465A3}.Debug|Any CPU.ActiveCfg = Debug|Any CPU
		{82874B1B-A565-498A-921E-4FFBE29465A3}.Debug|Any CPU.Build.0 = Debug|Any CPU
		{82874B1B-A565-498A-921E-4FFBE29465A3}.Release|Any CPU.ActiveCfg = Release|Any CPU
		{82874B1B-A565-498A-921E-4FFBE29465A3}.Release|Any CPU.Build.0 = Release|Any CPU
		{BFF93692-2C5E-4EA6-A004-B1501507177A}.Debug|Any CPU.ActiveCfg = Debug|Any CPU
		{BFF93692-2C5E-4EA6-A004-B1501507177A}.Debug|Any CPU.Build.0 = Debug|Any CPU
		{BFF93692-2C5E-4EA6-A004-B1501507177A}.Release|Any CPU.ActiveCfg = Release|Any CPU
		{BFF93692-2C5E-4EA6-A004-B1501507177A}.Release|Any CPU.Build.0 = Release|Any CPU
		{41DD475D-7285-43A6-AC47-EF671E02B35F}.Debug|Any CPU.ActiveCfg = Debug|Any CPU
		{41DD475D-7285-43A6-AC47-EF671E02B35F}.Debug|Any CPU.Build.0 = Debug|Any CPU
		{41DD475D-7285-43A6-AC47-EF671E02B35F}.Release|Any CPU.ActiveCfg = Release|Any CPU
		{41DD475D-7285-43A6-AC47-EF671E02B35F}.Release|Any CPU.Build.0 = Release|Any CPU
		{0B77BA0C-3F88-4D2D-9487-4A5B1198E6A3}.Debug|Any CPU.ActiveCfg = Debug|Any CPU
		{0B77BA0C-3F88-4D2D-9487-4A5B1198E6A3}.Debug|Any CPU.Build.0 = Debug|Any CPU
		{0B77BA0C-3F88-4D2D-9487-4A5B1198E6A3}.Release|Any CPU.ActiveCfg = Release|Any CPU
		{0B77BA0C-3F88-4D2D-9487-4A5B1198E6A3}.Release|Any CPU.Build.0 = Release|Any CPU
		{21A211FC-A37B-4CB4-801D-8931C8B7D135}.Debug|Any CPU.ActiveCfg = Debug|Any CPU
		{21A211FC-A37B-4CB4-801D-8931C8B7D135}.Debug|Any CPU.Build.0 = Debug|Any CPU
		{21A211FC-A37B-4CB4-801D-8931C8B7D135}.Release|Any CPU.ActiveCfg = Release|Any CPU
		{21A211FC-A37B-4CB4-801D-8931C8B7D135}.Release|Any CPU.Build.0 = Release|Any CPU
	EndGlobalSection
	GlobalSection(SolutionProperties) = preSolution
		HideSolutionNode = FALSE
	EndGlobalSection
	GlobalSection(NestedProjects) = preSolution
		{467604F6-A689-42B2-9BE0-F0AAC3E442BE} = {1EC2C08F-F1ED-46F4-BC7E-B2AD4A8FFB08}
		{ED85431F-07F6-4365-A99F-E1CFDCDFD555} = {8CFCE82B-42F9-4A4D-9DF7-40FB6CE88AF3}
		{46A73FD2-DB27-463F-9468-5D9200ECDBD4} = {4009091A-67DF-400D-9F49-77301CB14D14}
		{09513154-3759-4DBA-9614-998D7D915F89} = {4009091A-67DF-400D-9F49-77301CB14D14}
		{82874B1B-A565-498A-921E-4FFBE29465A3} = {FD9C9F93-F6D2-41BC-94CD-2C9D58C4714C}
		{BFF93692-2C5E-4EA6-A004-B1501507177A} = {FD9C9F93-F6D2-41BC-94CD-2C9D58C4714C}
		{41DD475D-7285-43A6-AC47-EF671E02B35F} = {FD9C9F93-F6D2-41BC-94CD-2C9D58C4714C}
		{0B77BA0C-3F88-4D2D-9487-4A5B1198E6A3} = {FD9C9F93-F6D2-41BC-94CD-2C9D58C4714C}
		{21A211FC-A37B-4CB4-801D-8931C8B7D135} = {908EC31C-8148-4959-9074-049BA873D568}
	EndGlobalSection
EndGlobal
