
Microsoft Visual Studio Solution File, Format Version 12.00
# Visual Studio Express 2012 for Web
Project("{FAE04EC0-301F-11D3-BF4B-00C04F79EFBC}") = "Msts", "Msts\Msts.csproj", "{D673901C-5A51-47D6-A1B8-CFFD0900C478}"
EndProject
Project("{FAE04EC0-301F-11D3-BF4B-00C04F79EFBC}") = "Msts.Mvc", "Msts.Mvc\Msts.Mvc.csproj", "{FD475563-750C-49CD-BCA1-A9C6C9C17D98}"
EndProject
Project("{FAE04EC0-301F-11D3-BF4B-00C04F79EFBC}") = "Msts.Domain", "Msts.Domain\Msts.Domain.csproj", "{90AE8187-A59C-4466-9455-A254361638AE}"
EndProject
Project("{FAE04EC0-301F-11D3-BF4B-00C04F79EFBC}") = "Msts.DynamicDataSite", "Msts.DynamicDataSite\Msts.DynamicDataSite.csproj", "{1AF820DE-C0CD-42DE-8C3A-1E79962BC54F}"
EndProject
Project("{FAE04EC0-301F-11D3-BF4B-00C04F79EFBC}") = "Msts.Mvc.Tests", "Msts.Mvc.Tests\Msts.Mvc.Tests.csproj", "{F5BE57ED-5A82-45C3-BF63-564468F5A95A}"
EndProject
Project("{FAE04EC0-301F-11D3-BF4B-00C04F79EFBC}") = "Msts.Tests", "Msts.Tests\Msts.Tests.csproj", "{A9727F10-328C-486A-ADC6-FBB79F784476}"
EndProject
Project("{2150E333-8FDC-42A3-9474-1A3956D46DE8}") = ".nuget", ".nuget", "{C82F5244-F506-471A-84CE-CF2D674906DF}"
	ProjectSection(SolutionItems) = preProject
		.nuget\NuGet.Config = .nuget\NuGet.Config
		.nuget\NuGet.exe = .nuget\NuGet.exe
		.nuget\NuGet.targets = .nuget\NuGet.targets
	EndProjectSection
EndProject
Global
	GlobalSection(SolutionConfigurationPlatforms) = preSolution
		Debug|Any CPU = Debug|Any CPU
		Release|Any CPU = Release|Any CPU
		Test|Any CPU = Test|Any CPU
	EndGlobalSection
	GlobalSection(ProjectConfigurationPlatforms) = postSolution
		{D673901C-5A51-47D6-A1B8-CFFD0900C478}.Debug|Any CPU.ActiveCfg = Debug|Any CPU
		{D673901C-5A51-47D6-A1B8-CFFD0900C478}.Debug|Any CPU.Build.0 = Debug|Any CPU
		{D673901C-5A51-47D6-A1B8-CFFD0900C478}.Release|Any CPU.ActiveCfg = Release|Any CPU
		{D673901C-5A51-47D6-A1B8-CFFD0900C478}.Release|Any CPU.Build.0 = Release|Any CPU
		{D673901C-5A51-47D6-A1B8-CFFD0900C478}.Test|Any CPU.ActiveCfg = Test|Any CPU
		{D673901C-5A51-47D6-A1B8-CFFD0900C478}.Test|Any CPU.Build.0 = Test|Any CPU
		{FD475563-750C-49CD-BCA1-A9C6C9C17D98}.Debug|Any CPU.ActiveCfg = Debug|Any CPU
		{FD475563-750C-49CD-BCA1-A9C6C9C17D98}.Debug|Any CPU.Build.0 = Debug|Any CPU
		{FD475563-750C-49CD-BCA1-A9C6C9C17D98}.Release|Any CPU.ActiveCfg = Release|Any CPU
		{FD475563-750C-49CD-BCA1-A9C6C9C17D98}.Release|Any CPU.Build.0 = Release|Any CPU
		{FD475563-750C-49CD-BCA1-A9C6C9C17D98}.Test|Any CPU.ActiveCfg = Test|Any CPU
		{FD475563-750C-49CD-BCA1-A9C6C9C17D98}.Test|Any CPU.Build.0 = Test|Any CPU
		{90AE8187-A59C-4466-9455-A254361638AE}.Debug|Any CPU.ActiveCfg = Debug|Any CPU
		{90AE8187-A59C-4466-9455-A254361638AE}.Debug|Any CPU.Build.0 = Debug|Any CPU
		{90AE8187-A59C-4466-9455-A254361638AE}.Release|Any CPU.ActiveCfg = Release|Any CPU
		{90AE8187-A59C-4466-9455-A254361638AE}.Release|Any CPU.Build.0 = Release|Any CPU
		{90AE8187-A59C-4466-9455-A254361638AE}.Test|Any CPU.ActiveCfg = Test|Any CPU
		{90AE8187-A59C-4466-9455-A254361638AE}.Test|Any CPU.Build.0 = Test|Any CPU
		{1AF820DE-C0CD-42DE-8C3A-1E79962BC54F}.Debug|Any CPU.ActiveCfg = Debug|Any CPU
		{1AF820DE-C0CD-42DE-8C3A-1E79962BC54F}.Debug|Any CPU.Build.0 = Debug|Any CPU
		{1AF820DE-C0CD-42DE-8C3A-1E79962BC54F}.Release|Any CPU.ActiveCfg = Release|Any CPU
		{1AF820DE-C0CD-42DE-8C3A-1E79962BC54F}.Release|Any CPU.Build.0 = Release|Any CPU
		{1AF820DE-C0CD-42DE-8C3A-1E79962BC54F}.Test|Any CPU.ActiveCfg = Release|Any CPU
		{1AF820DE-C0CD-42DE-8C3A-1E79962BC54F}.Test|Any CPU.Build.0 = Release|Any CPU
		{F5BE57ED-5A82-45C3-BF63-564468F5A95A}.Debug|Any CPU.ActiveCfg = Debug|Any CPU
		{F5BE57ED-5A82-45C3-BF63-564468F5A95A}.Debug|Any CPU.Build.0 = Debug|Any CPU
		{F5BE57ED-5A82-45C3-BF63-564468F5A95A}.Release|Any CPU.ActiveCfg = Release|Any CPU
		{F5BE57ED-5A82-45C3-BF63-564468F5A95A}.Release|Any CPU.Build.0 = Release|Any CPU
		{F5BE57ED-5A82-45C3-BF63-564468F5A95A}.Test|Any CPU.ActiveCfg = Release|Any CPU
		{F5BE57ED-5A82-45C3-BF63-564468F5A95A}.Test|Any CPU.Build.0 = Release|Any CPU
		{A9727F10-328C-486A-ADC6-FBB79F784476}.Debug|Any CPU.ActiveCfg = Debug|Any CPU
		{A9727F10-328C-486A-ADC6-FBB79F784476}.Debug|Any CPU.Build.0 = Debug|Any CPU
		{A9727F10-328C-486A-ADC6-FBB79F784476}.Release|Any CPU.ActiveCfg = Release|Any CPU
		{A9727F10-328C-486A-ADC6-FBB79F784476}.Release|Any CPU.Build.0 = Release|Any CPU
		{A9727F10-328C-486A-ADC6-FBB79F784476}.Test|Any CPU.ActiveCfg = Release|Any CPU
		{A9727F10-328C-486A-ADC6-FBB79F784476}.Test|Any CPU.Build.0 = Release|Any CPU
	EndGlobalSection
	GlobalSection(SolutionProperties) = preSolution
		HideSolutionNode = FALSE
	EndGlobalSection
EndGlobal
