
Microsoft Visual Studio Solution File, Format Version 12.00
# Visual Studio Express 2012 for Web
Project("{FAE04EC0-301F-11D3-BF4B-00C04F79EFBC}") = "UnitTestQueries.UI", "UnitTestQueries.UI\UnitTestQueries.UI.csproj", "{95B58404-B30E-4858-A491-2933BDAF7476}"
EndProject
Project("{FAE04EC0-301F-11D3-BF4B-00C04F79EFBC}") = "UnitTestQueries.UI.Tests", "UnitTestQueries.UI.Tests\UnitTestQueries.UI.Tests.csproj", "{FA328099-ADAE-465C-ABD9-383A4B7CE80E}"
EndProject
Project("{2150E333-8FDC-42A3-9474-1A3956D46DE8}") = "Src", "Src", "{B462E297-0322-4D2F-88EB-327914D8F843}"
EndProject
Project("{2150E333-8FDC-42A3-9474-1A3956D46DE8}") = "Tests", "Tests", "{3B56EDEC-DF6F-4EC7-9165-8401E0CEAA60}"
EndProject
Project("{2150E333-8FDC-42A3-9474-1A3956D46DE8}") = "UILayer", "UILayer", "{D7F2DE68-ADE8-4572-8565-420F571E9E92}"
EndProject
Project("{2150E333-8FDC-42A3-9474-1A3956D46DE8}") = "DataLayer", "DataLayer", "{C47DB7A0-016B-416E-BE50-A7F18B61E52E}"
EndProject
Project("{2150E333-8FDC-42A3-9474-1A3956D46DE8}") = "LogicLayer", "LogicLayer", "{DDCB0763-08C2-47AB-8BB0-CE1191C51EB2}"
EndProject
Project("{2150E333-8FDC-42A3-9474-1A3956D46DE8}") = "DataLayer", "DataLayer", "{98497EDC-1A42-4792-BD3A-A443CC1ED048}"
EndProject
Project("{2150E333-8FDC-42A3-9474-1A3956D46DE8}") = "LogicLayer", "LogicLayer", "{21A5CB1E-7698-438D-93D7-DA4B54A17B86}"
EndProject
Project("{2150E333-8FDC-42A3-9474-1A3956D46DE8}") = "UILayer", "UILayer", "{0AD2F24C-9C2A-4BEF-A1B0-D9E52EA9AAC9}"
EndProject
Project("{2150E333-8FDC-42A3-9474-1A3956D46DE8}") = ".nuget", ".nuget", "{7488AD77-158B-4E45-A61D-9AA297DCB867}"
	ProjectSection(SolutionItems) = preProject
		.nuget\NuGet.Config = .nuget\NuGet.Config
		.nuget\NuGet.exe = .nuget\NuGet.exe
		.nuget\NuGet.targets = .nuget\NuGet.targets
	EndProjectSection
EndProject
Project("{FAE04EC0-301F-11D3-BF4B-00C04F79EFBC}") = "UnitTestQueries.Data", "UnitTestQueries.Data\UnitTestQueries.Data.csproj", "{D2389008-DD54-4ABD-BFA3-263AAD1F652B}"
EndProject
Project("{FAE04EC0-301F-11D3-BF4B-00C04F79EFBC}") = "UnitTestQueries.Data.Tests", "UnitTestQueries.Data.Tests\UnitTestQueries.Data.Tests.csproj", "{7CE84797-12BE-41BD-ADE0-E935E01094CE}"
EndProject
Project("{FAE04EC0-301F-11D3-BF4B-00C04F79EFBC}") = "UnitTestQueries.Logic", "UnitTestQueries.Logic\UnitTestQueries.Logic.csproj", "{DDF435C5-6301-420D-99E4-2D0C3411321C}"
EndProject
Project("{FAE04EC0-301F-11D3-BF4B-00C04F79EFBC}") = "UnitTestQueries.Logic.Tests", "UnitTestQueries.Logic.Tests\UnitTestQueries.Logic.Tests.csproj", "{419B28B6-C7E0-43CE-AE99-947C771F8D80}"
EndProject
Project("{FAE04EC0-301F-11D3-BF4B-00C04F79EFBC}") = "UnitTestQueries.Testing", "UnitTestQueries.Testing\UnitTestQueries.Testing.csproj", "{CDFFDA5A-64DF-4572-8D0C-850220C25EED}"
EndProject
Project("{FAE04EC0-301F-11D3-BF4B-00C04F79EFBC}") = "UnitTestQueries.Testing.Tests", "UnitTestQueries.Testing.Tests\UnitTestQueries.Testing.Tests.csproj", "{F9D84437-A110-4AB1-90B1-C9069CBC56C0}"
EndProject
Global
	GlobalSection(SolutionConfigurationPlatforms) = preSolution
		Debug|Any CPU = Debug|Any CPU
		Release|Any CPU = Release|Any CPU
	EndGlobalSection
	GlobalSection(ProjectConfigurationPlatforms) = postSolution
		{95B58404-B30E-4858-A491-2933BDAF7476}.Debug|Any CPU.ActiveCfg = Debug|Any CPU
		{95B58404-B30E-4858-A491-2933BDAF7476}.Debug|Any CPU.Build.0 = Debug|Any CPU
		{95B58404-B30E-4858-A491-2933BDAF7476}.Release|Any CPU.ActiveCfg = Release|Any CPU
		{95B58404-B30E-4858-A491-2933BDAF7476}.Release|Any CPU.Build.0 = Release|Any CPU
		{FA328099-ADAE-465C-ABD9-383A4B7CE80E}.Debug|Any CPU.ActiveCfg = Debug|Any CPU
		{FA328099-ADAE-465C-ABD9-383A4B7CE80E}.Debug|Any CPU.Build.0 = Debug|Any CPU
		{FA328099-ADAE-465C-ABD9-383A4B7CE80E}.Release|Any CPU.ActiveCfg = Release|Any CPU
		{FA328099-ADAE-465C-ABD9-383A4B7CE80E}.Release|Any CPU.Build.0 = Release|Any CPU
		{D2389008-DD54-4ABD-BFA3-263AAD1F652B}.Debug|Any CPU.ActiveCfg = Debug|Any CPU
		{D2389008-DD54-4ABD-BFA3-263AAD1F652B}.Debug|Any CPU.Build.0 = Debug|Any CPU
		{D2389008-DD54-4ABD-BFA3-263AAD1F652B}.Release|Any CPU.ActiveCfg = Release|Any CPU
		{D2389008-DD54-4ABD-BFA3-263AAD1F652B}.Release|Any CPU.Build.0 = Release|Any CPU
		{7CE84797-12BE-41BD-ADE0-E935E01094CE}.Debug|Any CPU.ActiveCfg = Debug|Any CPU
		{7CE84797-12BE-41BD-ADE0-E935E01094CE}.Debug|Any CPU.Build.0 = Debug|Any CPU
		{7CE84797-12BE-41BD-ADE0-E935E01094CE}.Release|Any CPU.ActiveCfg = Release|Any CPU
		{7CE84797-12BE-41BD-ADE0-E935E01094CE}.Release|Any CPU.Build.0 = Release|Any CPU
		{DDF435C5-6301-420D-99E4-2D0C3411321C}.Debug|Any CPU.ActiveCfg = Debug|Any CPU
		{DDF435C5-6301-420D-99E4-2D0C3411321C}.Debug|Any CPU.Build.0 = Debug|Any CPU
		{DDF435C5-6301-420D-99E4-2D0C3411321C}.Release|Any CPU.ActiveCfg = Release|Any CPU
		{DDF435C5-6301-420D-99E4-2D0C3411321C}.Release|Any CPU.Build.0 = Release|Any CPU
		{419B28B6-C7E0-43CE-AE99-947C771F8D80}.Debug|Any CPU.ActiveCfg = Debug|Any CPU
		{419B28B6-C7E0-43CE-AE99-947C771F8D80}.Debug|Any CPU.Build.0 = Debug|Any CPU
		{419B28B6-C7E0-43CE-AE99-947C771F8D80}.Release|Any CPU.ActiveCfg = Release|Any CPU
		{419B28B6-C7E0-43CE-AE99-947C771F8D80}.Release|Any CPU.Build.0 = Release|Any CPU
		{CDFFDA5A-64DF-4572-8D0C-850220C25EED}.Debug|Any CPU.ActiveCfg = Debug|Any CPU
		{CDFFDA5A-64DF-4572-8D0C-850220C25EED}.Debug|Any CPU.Build.0 = Debug|Any CPU
		{CDFFDA5A-64DF-4572-8D0C-850220C25EED}.Release|Any CPU.ActiveCfg = Release|Any CPU
		{CDFFDA5A-64DF-4572-8D0C-850220C25EED}.Release|Any CPU.Build.0 = Release|Any CPU
		{F9D84437-A110-4AB1-90B1-C9069CBC56C0}.Debug|Any CPU.ActiveCfg = Debug|Any CPU
		{F9D84437-A110-4AB1-90B1-C9069CBC56C0}.Debug|Any CPU.Build.0 = Debug|Any CPU
		{F9D84437-A110-4AB1-90B1-C9069CBC56C0}.Release|Any CPU.ActiveCfg = Release|Any CPU
		{F9D84437-A110-4AB1-90B1-C9069CBC56C0}.Release|Any CPU.Build.0 = Release|Any CPU
	EndGlobalSection
	GlobalSection(SolutionProperties) = preSolution
		HideSolutionNode = FALSE
	EndGlobalSection
	GlobalSection(NestedProjects) = preSolution
		{D7F2DE68-ADE8-4572-8565-420F571E9E92} = {B462E297-0322-4D2F-88EB-327914D8F843}
		{C47DB7A0-016B-416E-BE50-A7F18B61E52E} = {B462E297-0322-4D2F-88EB-327914D8F843}
		{DDCB0763-08C2-47AB-8BB0-CE1191C51EB2} = {B462E297-0322-4D2F-88EB-327914D8F843}
		{CDFFDA5A-64DF-4572-8D0C-850220C25EED} = {B462E297-0322-4D2F-88EB-327914D8F843}
		{98497EDC-1A42-4792-BD3A-A443CC1ED048} = {3B56EDEC-DF6F-4EC7-9165-8401E0CEAA60}
		{21A5CB1E-7698-438D-93D7-DA4B54A17B86} = {3B56EDEC-DF6F-4EC7-9165-8401E0CEAA60}
		{0AD2F24C-9C2A-4BEF-A1B0-D9E52EA9AAC9} = {3B56EDEC-DF6F-4EC7-9165-8401E0CEAA60}
		{F9D84437-A110-4AB1-90B1-C9069CBC56C0} = {3B56EDEC-DF6F-4EC7-9165-8401E0CEAA60}
		{95B58404-B30E-4858-A491-2933BDAF7476} = {D7F2DE68-ADE8-4572-8565-420F571E9E92}
		{D2389008-DD54-4ABD-BFA3-263AAD1F652B} = {C47DB7A0-016B-416E-BE50-A7F18B61E52E}
		{DDF435C5-6301-420D-99E4-2D0C3411321C} = {DDCB0763-08C2-47AB-8BB0-CE1191C51EB2}
		{7CE84797-12BE-41BD-ADE0-E935E01094CE} = {98497EDC-1A42-4792-BD3A-A443CC1ED048}
		{419B28B6-C7E0-43CE-AE99-947C771F8D80} = {21A5CB1E-7698-438D-93D7-DA4B54A17B86}
		{FA328099-ADAE-465C-ABD9-383A4B7CE80E} = {0AD2F24C-9C2A-4BEF-A1B0-D9E52EA9AAC9}
	EndGlobalSection
EndGlobal
